
Microsoft Visual Studio Solution File, Format Version 12.00
# Visual Studio Version 16
VisualStudioVersion = 16.0.30104.148
MinimumVisualStudioVersion = 10.0.40219.1
Project("{9A19103F-16F7-4668-BE54-9A1E7A4F7556}") = "WebApp", "WebApp\WebApp.csproj", "{339AD6EB-3FEC-4363-903F-CE2F3BB8C917}"
EndProject
Project("{9A19103F-16F7-4668-BE54-9A1E7A4F7556}") = "WebApi", "WebApi\WebApi.csproj", "{D6A66BCF-B547-47E0-B964-63CA41D6A7EF}"
EndProject
Project("{2150E333-8FDC-42A3-9474-1A3956D46DE8}") = "Backend", "Backend", "{FB026BC9-D6D3-4938-B3E5-EC2F6DF08291}"
EndProject
Project("{2150E333-8FDC-42A3-9474-1A3956D46DE8}") = "Frontend", "Frontend", "{5DE2FB23-2446-47F4-920B-3B64A795F33D}"
EndProject
Project("{FAE04EC0-301F-11D3-BF4B-00C04F79EFBC}") = "WebServer", "WebServer\WebServer.csproj", "{B986F388-32E4-4645-BCF8-87525FEF5103}"
EndProject
Global
	GlobalSection(SolutionConfigurationPlatforms) = preSolution
		Debug|Any CPU = Debug|Any CPU
		Release|Any CPU = Release|Any CPU
	EndGlobalSection
	GlobalSection(ProjectConfigurationPlatforms) = postSolution
		{339AD6EB-3FEC-4363-903F-CE2F3BB8C917}.Debug|Any CPU.ActiveCfg = Debug|Any CPU
		{339AD6EB-3FEC-4363-903F-CE2F3BB8C917}.Debug|Any CPU.Build.0 = Debug|Any CPU
		{339AD6EB-3FEC-4363-903F-CE2F3BB8C917}.Release|Any CPU.ActiveCfg = Release|Any CPU
		{339AD6EB-3FEC-4363-903F-CE2F3BB8C917}.Release|Any CPU.Build.0 = Release|Any CPU
		{D6A66BCF-B547-47E0-B964-63CA41D6A7EF}.Debug|Any CPU.ActiveCfg = Debug|Any CPU
		{D6A66BCF-B547-47E0-B964-63CA41D6A7EF}.Debug|Any CPU.Build.0 = Debug|Any CPU
		{D6A66BCF-B547-47E0-B964-63CA41D6A7EF}.Release|Any CPU.ActiveCfg = Release|Any CPU
		{D6A66BCF-B547-47E0-B964-63CA41D6A7EF}.Release|Any CPU.Build.0 = Release|Any CPU
		{B986F388-32E4-4645-BCF8-87525FEF5103}.Debug|Any CPU.ActiveCfg = Debug|Any CPU
		{B986F388-32E4-4645-BCF8-87525FEF5103}.Debug|Any CPU.Build.0 = Debug|Any CPU
		{B986F388-32E4-4645-BCF8-87525FEF5103}.Release|Any CPU.ActiveCfg = Release|Any CPU
		{B986F388-32E4-4645-BCF8-87525FEF5103}.Release|Any CPU.Build.0 = Release|Any CPU
	EndGlobalSection
	GlobalSection(SolutionProperties) = preSolution
		HideSolutionNode = FALSE
	EndGlobalSection
	GlobalSection(NestedProjects) = preSolution
		{339AD6EB-3FEC-4363-903F-CE2F3BB8C917} = {5DE2FB23-2446-47F4-920B-3B64A795F33D}
		{D6A66BCF-B547-47E0-B964-63CA41D6A7EF} = {FB026BC9-D6D3-4938-B3E5-EC2F6DF08291}
		{B986F388-32E4-4645-BCF8-87525FEF5103} = {5DE2FB23-2446-47F4-920B-3B64A795F33D}
	EndGlobalSection
	GlobalSection(ExtensibilityGlobals) = postSolution
		SolutionGuid = {6DC32EE0-67E3-4907-989A-F45B4ECB1A0E}
	EndGlobalSection
EndGlobal
